
Microsoft Visual Studio Solution File, Format Version 12.00
# Visual Studio Version 16
VisualStudioVersion = 16.0.31624.102
MinimumVisualStudioVersion = 10.0.40219.1
Project("{9A19103F-16F7-4668-BE54-9A1E7A4F7556}") = "WebTuyenSinh.Data", "WebTuyenSinh.Data\WebTuyenSinh.Data.csproj", "{A57B440A-001F-4767-BC0B-D4DD4DAD6A99}"
EndProject
Project("{9A19103F-16F7-4668-BE54-9A1E7A4F7556}") = "WebTuyenSinhAdmin", "WebTuyenSinhAdmin\WebTuyenSinhAdmin.csproj", "{876E7450-9AF6-4599-8DFE-F97D41C5CE58}"
EndProject
Project("{9A19103F-16F7-4668-BE54-9A1E7A4F7556}") = "WebTuyenSinh_Application", "WebTuyenSinh_Application\WebTuyenSinh_Application.csproj", "{436D2ECF-83AA-4F21-BDCC-D2B0DD69E38C}"
EndProject
Project("{9A19103F-16F7-4668-BE54-9A1E7A4F7556}") = "WebTuyenSinhClinet", "WebTuyenSinhClinet\WebTuyenSinhClinet.csproj", "{817E55F8-86A0-47BA-B246-E2C0ADF4C06D}"
EndProject
Global
	GlobalSection(SolutionConfigurationPlatforms) = preSolution
		Debug|Any CPU = Debug|Any CPU
		Release|Any CPU = Release|Any CPU
	EndGlobalSection
	GlobalSection(ProjectConfigurationPlatforms) = postSolution
		{A57B440A-001F-4767-BC0B-D4DD4DAD6A99}.Debug|Any CPU.ActiveCfg = Debug|Any CPU
		{A57B440A-001F-4767-BC0B-D4DD4DAD6A99}.Debug|Any CPU.Build.0 = Debug|Any CPU
		{A57B440A-001F-4767-BC0B-D4DD4DAD6A99}.Release|Any CPU.ActiveCfg = Release|Any CPU
		{A57B440A-001F-4767-BC0B-D4DD4DAD6A99}.Release|Any CPU.Build.0 = Release|Any CPU
		{876E7450-9AF6-4599-8DFE-F97D41C5CE58}.Debug|Any CPU.ActiveCfg = Debug|Any CPU
		{876E7450-9AF6-4599-8DFE-F97D41C5CE58}.Debug|Any CPU.Build.0 = Debug|Any CPU
		{876E7450-9AF6-4599-8DFE-F97D41C5CE58}.Release|Any CPU.ActiveCfg = Release|Any CPU
		{876E7450-9AF6-4599-8DFE-F97D41C5CE58}.Release|Any CPU.Build.0 = Release|Any CPU
		{436D2ECF-83AA-4F21-BDCC-D2B0DD69E38C}.Debug|Any CPU.ActiveCfg = Debug|Any CPU
		{436D2ECF-83AA-4F21-BDCC-D2B0DD69E38C}.Debug|Any CPU.Build.0 = Debug|Any CPU
		{436D2ECF-83AA-4F21-BDCC-D2B0DD69E38C}.Release|Any CPU.ActiveCfg = Release|Any CPU
		{436D2ECF-83AA-4F21-BDCC-D2B0DD69E38C}.Release|Any CPU.Build.0 = Release|Any CPU
		{817E55F8-86A0-47BA-B246-E2C0ADF4C06D}.Debug|Any CPU.ActiveCfg = Debug|Any CPU
		{817E55F8-86A0-47BA-B246-E2C0ADF4C06D}.Debug|Any CPU.Build.0 = Debug|Any CPU
		{817E55F8-86A0-47BA-B246-E2C0ADF4C06D}.Release|Any CPU.ActiveCfg = Release|Any CPU
		{817E55F8-86A0-47BA-B246-E2C0ADF4C06D}.Release|Any CPU.Build.0 = Release|Any CPU
	EndGlobalSection
	GlobalSection(SolutionProperties) = preSolution
		HideSolutionNode = FALSE
	EndGlobalSection
	GlobalSection(ExtensibilityGlobals) = postSolution
		SolutionGuid = {1951024E-4366-4B2C-A768-314D451E0E72}
	EndGlobalSection
EndGlobal
